
Microsoft Visual Studio Solution File, Format Version 12.00
# Visual Studio 15
VisualStudioVersion = 15.0.28307.645
MinimumVisualStudioVersion = 10.0.40219.1
Project("{FAE04EC0-301F-11D3-BF4B-00C04F79EFBC}") = "Converter", "Converter\Converter.csproj", "{74746465-F717-4765-998C-2A7052307651}"
EndProject
Global
	GlobalSection(SolutionConfigurationPlatforms) = preSolution
		Debug|Any CPU = Debug|Any CPU
		Release|Any CPU = Release|Any CPU
	EndGlobalSection
	GlobalSection(ProjectConfigurationPlatforms) = postSolution
		{74746465-F717-4765-998C-2A7052307651}.Debug|Any CPU.ActiveCfg = Debug|Any CPU
		{74746465-F717-4765-998C-2A7052307651}.Debug|Any CPU.Build.0 = Debug|Any CPU
		{74746465-F717-4765-998C-2A7052307651}.Release|Any CPU.ActiveCfg = Release|Any CPU
		{74746465-F717-4765-998C-2A7052307651}.Release|Any CPU.Build.0 = Release|Any CPU
	EndGlobalSection
	GlobalSection(SolutionProperties) = preSolution
		HideSolutionNode = FALSE
	EndGlobalSection
	GlobalSection(ExtensibilityGlobals) = postSolution
		SolutionGuid = {B79BD0A3-4866-46F7-AFDE-6E638E31AE4D}
	EndGlobalSection
EndGlobal
